<?xml version="1.0" encoding="utf-8"?>
<Project ToolsVersion="4.0" xmlns="http://schemas.microsoft.com/developer/msbuild/2003">
  <ItemGroup>
    <Filter Include="include">
      <UniqueIdentifier>{0f2239af-bcd7-4981-96cb-277ccf741234}</UniqueIdentifier>
    </Filter>
    <Filter Include="source">
      <UniqueIdentifier>{53429156-24d5-4f91-aa95-a8f650eff513}</UniqueIdentifier>
    </Filter>
    <Filter Include="include\modules">
      <UniqueIdentifier>{d91cf425-e60c-449f-b844-9ee93403370a}</UniqueIdentifier>
    </Filter>
    <Filter Include="source\modules">
      <UniqueIdentifier>{e502f4c7-52a3-4b51-b166-393fffe56ac8}</UniqueIdentifier>
    </Filter>
    <Filter Include="include\modules\core">
      <UniqueIdentifier>{09a890b8-5a57-4737-ae47-7bc202119a29}</UniqueIdentifier>
    </Filter>
    <Filter Include="source\modules\core">
      <UniqueIdentifier>{301c1ba0-4392-43b0-b1c1-66f0b98f2d7f}</UniqueIdentifier>
    </Filter>
    <Filter Include="include\modules\core\hal">
      <UniqueIdentifier>{67e3c6c5-0f91-4085-9fef-5869def9a73f}</UniqueIdentifier>
    </Filter>
    <Filter Include="include\modules\core\hal\windows">
      <UniqueIdentifier>{2134a53c-139a-436b-a567-dd77bd4c11c9}</UniqueIdentifier>
    </Filter>
    <Filter Include="source\modules\core\hal">
      <UniqueIdentifier>{139f41c0-8189-45d9-bb60-a92c93ebe542}</UniqueIdentifier>
    </Filter>
  </ItemGroup>
  <ItemGroup>
    <ClCompile Include="..\..\..\source\modules\core\core.cpp">
      <Filter>source\modules\core</Filter>
    </ClCompile>
  </ItemGroup>
  <ItemGroup>
    <ClInclude Include="..\..\..\include\modules\core\core.h">
      <Filter>include\modules\core</Filter>
    </ClInclude>
    <ClInclude Include="..\..\..\include\modules\core\core_types.h">
      <Filter>include\modules\core</Filter>
    </ClInclude>
  </ItemGroup>
</Project>